// !$*UTF8*$!
{
	archiveVersion = 1;
	classes = {
	};
	objectVersion = 46;
	objects = {

/* Begin PBXBuildFile section */
		7E14EC441B8B6F5100E6B5B9 /* Main.storyboard in Resources */ = {isa = PBXBuildFile; fileRef = 7E800BE61B78F7DE002BCBD1 /* Main.storyboard */; };
		7E297DDC1B878151004E0873 /* Default-568h@2x.png in Resources */ = {isa = PBXBuildFile; fileRef = 7E297DD71B878151004E0873 /* Default-568h@2x.png */; };
		7E297DDD1B878151004E0873 /* Default-iOS8-667h@2x.png in Resources */ = {isa = PBXBuildFile; fileRef = 7E297DD81B878151004E0873 /* Default-iOS8-667h@2x.png */; };
		7E297DDE1B878151004E0873 /* Default-iOS8-736h@3x.png in Resources */ = {isa = PBXBuildFile; fileRef = 7E297DD91B878151004E0873 /* Default-iOS8-736h@3x.png */; };
		7E297DDF1B878151004E0873 /* Default.png in Resources */ = {isa = PBXBuildFile; fileRef = 7E297DDA1B878151004E0873 /* Default.png */; };
		7E297DE01B878151004E0873 /* Default@2x.png in Resources */ = {isa = PBXBuildFile; fileRef = 7E297DDB1B878151004E0873 /* Default@2x.png */; };
		7E297E0F1B89AEE7004E0873 /* IntroView.m in Sources */ = {isa = PBXBuildFile; fileRef = 7E297E0E1B89AEE7004E0873 /* IntroView.m */; };
		7E297E181B8A159E004E0873 /* InfoPlist.strings in Resources */ = {isa = PBXBuildFile; fileRef = 7E297E171B8A159E004E0873 /* InfoPlist.strings */; };
		7E800BDC1B78F7DD002BCBD1 /* main.m in Sources */ = {isa = PBXBuildFile; fileRef = 7E800BDB1B78F7DD002BCBD1 /* main.m */; };
		7E800BDF1B78F7DD002BCBD1 /* AppDelegate.m in Sources */ = {isa = PBXBuildFile; fileRef = 7E800BDE1B78F7DD002BCBD1 /* AppDelegate.m */; };
		7E800BE21B78F7DE002BCBD1 /* HostWeb.xcdatamodeld in Sources */ = {isa = PBXBuildFile; fileRef = 7E800BE01B78F7DE002BCBD1 /* HostWeb.xcdatamodeld */; };
		7E800BE51B78F7DE002BCBD1 /* MainViewController.m in Sources */ = {isa = PBXBuildFile; fileRef = 7E800BE41B78F7DE002BCBD1 /* MainViewController.m */; };
		7E800BEA1B78F7DE002BCBD1 /* Images.xcassets in Resources */ = {isa = PBXBuildFile; fileRef = 7E800BE91B78F7DE002BCBD1 /* Images.xcassets */; };
		7E800BF91B78F7DF002BCBD1 /* HostWebTests.m in Sources */ = {isa = PBXBuildFile; fileRef = 7E800BF81B78F7DF002BCBD1 /* HostWebTests.m */; };
		7E800C071B78FA87002BCBD1 /* SUIActivityIndicatorView.m in Sources */ = {isa = PBXBuildFile; fileRef = 7E800C061B78FA87002BCBD1 /* SUIActivityIndicatorView.m */; };
		7E800C0D1B7901A2002BCBD1 /* MMPageControl.m in Sources */ = {isa = PBXBuildFile; fileRef = 7E800C0C1B7901A2002BCBD1 /* MMPageControl.m */; };
/* End PBXBuildFile section */

/* Begin PBXContainerItemProxy section */
		7E800BF31B78F7DE002BCBD1 /* PBXContainerItemProxy */ = {
			isa = PBXContainerItemProxy;
			containerPortal = 7E800BCE1B78F7DC002BCBD1 /* Project object */;
			proxyType = 1;
			remoteGlobalIDString = 7E800BD51B78F7DD002BCBD1;
			remoteInfo = HostWeb;
		};
/* End PBXContainerItemProxy section */

/* Begin PBXFileReference section */
		7E14EC471B8B6FDE00E6B5B9 /* en */ = {isa = PBXFileReference; lastKnownFileType = text.plist.strings; name = en; path = en.lproj/Main.strings; sourceTree = "<group>"; };
		7E14EC491B8B6FE600E6B5B9 /* zh-Hans */ = {isa = PBXFileReference; lastKnownFileType = text.plist.strings; name = "zh-Hans"; path = "zh-Hans.lproj/Main.strings"; sourceTree = "<group>"; };
		7E297DD71B878151004E0873 /* Default-568h@2x.png */ = {isa = PBXFileReference; lastKnownFileType = image.png; path = "Default-568h@2x.png"; sourceTree = "<group>"; };
		7E297DD81B878151004E0873 /* Default-iOS8-667h@2x.png */ = {isa = PBXFileReference; lastKnownFileType = image.png; path = "Default-iOS8-667h@2x.png"; sourceTree = "<group>"; };
		7E297DD91B878151004E0873 /* Default-iOS8-736h@3x.png */ = {isa = PBXFileReference; lastKnownFileType = image.png; path = "Default-iOS8-736h@3x.png"; sourceTree = "<group>"; };
		7E297DDA1B878151004E0873 /* Default.png */ = {isa = PBXFileReference; lastKnownFileType = image.png; path = Default.png; sourceTree = "<group>"; };
		7E297DDB1B878151004E0873 /* Default@2x.png */ = {isa = PBXFileReference; lastKnownFileType = image.png; path = "Default@2x.png"; sourceTree = "<group>"; };
		7E297E0D1B89AEE7004E0873 /* IntroView.h */ = {isa = PBXFileReference; fileEncoding = 4; lastKnownFileType = sourcecode.c.h; path = IntroView.h; sourceTree = "<group>"; };
		7E297E0E1B89AEE7004E0873 /* IntroView.m */ = {isa = PBXFileReference; fileEncoding = 4; lastKnownFileType = sourcecode.c.objc; path = IntroView.m; sourceTree = "<group>"; };
		7E297E171B8A159E004E0873 /* InfoPlist.strings */ = {isa = PBXFileReference; fileEncoding = 4; lastKnownFileType = text.plist.strings; path = InfoPlist.strings; sourceTree = "<group>"; };
		7E800BD61B78F7DD002BCBD1 /* gzyet.app */ = {isa = PBXFileReference; explicitFileType = wrapper.application; includeInIndex = 0; path = gzyet.app; sourceTree = BUILT_PRODUCTS_DIR; };
		7E800BDA1B78F7DD002BCBD1 /* Info.plist */ = {isa = PBXFileReference; lastKnownFileType = text.plist.xml; path = Info.plist; sourceTree = "<group>"; };
		7E800BDB1B78F7DD002BCBD1 /* main.m */ = {isa = PBXFileReference; lastKnownFileType = sourcecode.c.objc; path = main.m; sourceTree = "<group>"; };
		7E800BDD1B78F7DD002BCBD1 /* AppDelegate.h */ = {isa = PBXFileReference; lastKnownFileType = sourcecode.c.h; path = AppDelegate.h; sourceTree = "<group>"; };
		7E800BDE1B78F7DD002BCBD1 /* AppDelegate.m */ = {isa = PBXFileReference; lastKnownFileType = sourcecode.c.objc; path = AppDelegate.m; sourceTree = "<group>"; };
		7E800BE11B78F7DE002BCBD1 /* HostWeb.xcdatamodel */ = {isa = PBXFileReference; lastKnownFileType = wrapper.xcdatamodel; path = HostWeb.xcdatamodel; sourceTree = "<group>"; };
		7E800BE31B78F7DE002BCBD1 /* MainViewController.h */ = {isa = PBXFileReference; lastKnownFileType = sourcecode.c.h; path = MainViewController.h; sourceTree = "<group>"; };
		7E800BE41B78F7DE002BCBD1 /* MainViewController.m */ = {isa = PBXFileReference; lastKnownFileType = sourcecode.c.objc; path = MainViewController.m; sourceTree = "<group>"; };
		7E800BE71B78F7DE002BCBD1 /* Base */ = {isa = PBXFileReference; lastKnownFileType = file.storyboard; name = Base; path = Base.lproj/Main.storyboard; sourceTree = "<group>"; };
		7E800BE91B78F7DE002BCBD1 /* Images.xcassets */ = {isa = PBXFileReference; lastKnownFileType = folder.assetcatalog; path = Images.xcassets; sourceTree = "<group>"; };
		7E800BF21B78F7DE002BCBD1 /* HostWebTests.xctest */ = {isa = PBXFileReference; explicitFileType = wrapper.cfbundle; includeInIndex = 0; path = HostWebTests.xctest; sourceTree = BUILT_PRODUCTS_DIR; };
		7E800BF71B78F7DE002BCBD1 /* Info.plist */ = {isa = PBXFileReference; lastKnownFileType = text.plist.xml; path = Info.plist; sourceTree = "<group>"; };
		7E800BF81B78F7DF002BCBD1 /* HostWebTests.m */ = {isa = PBXFileReference; lastKnownFileType = sourcecode.c.objc; path = HostWebTests.m; sourceTree = "<group>"; };
		7E800C051B78FA87002BCBD1 /* SUIActivityIndicatorView.h */ = {isa = PBXFileReference; fileEncoding = 4; lastKnownFileType = sourcecode.c.h; path = SUIActivityIndicatorView.h; sourceTree = "<group>"; };
		7E800C061B78FA87002BCBD1 /* SUIActivityIndicatorView.m */ = {isa = PBXFileReference; fileEncoding = 4; lastKnownFileType = sourcecode.c.objc; path = SUIActivityIndicatorView.m; sourceTree = "<group>"; };
		7E800C0B1B7901A2002BCBD1 /* MMPageControl.h */ = {isa = PBXFileReference; fileEncoding = 4; lastKnownFileType = sourcecode.c.h; path = MMPageControl.h; sourceTree = "<group>"; };
		7E800C0C1B7901A2002BCBD1 /* MMPageControl.m */ = {isa = PBXFileReference; fileEncoding = 4; lastKnownFileType = sourcecode.c.objc; path = MMPageControl.m; sourceTree = "<group>"; };
		7E800C0E1B7901FB002BCBD1 /* Constant.h */ = {isa = PBXFileReference; lastKnownFileType = sourcecode.c.h; path = Constant.h; sourceTree = "<group>"; };
/* End PBXFileReference section */

/* Begin PBXFrameworksBuildPhase section */
		7E800BD31B78F7DD002BCBD1 /* Frameworks */ = {
			isa = PBXFrameworksBuildPhase;
			buildActionMask = 2147483647;
			files = (
			);
			runOnlyForDeploymentPostprocessing = 0;
		};
		7E800BEF1B78F7DE002BCBD1 /* Frameworks */ = {
			isa = PBXFrameworksBuildPhase;
			buildActionMask = 2147483647;
			files = (
			);
			runOnlyForDeploymentPostprocessing = 0;
		};
/* End PBXFrameworksBuildPhase section */

/* Begin PBXGroup section */
		7E297DD61B878151004E0873 /* image */ = {
			isa = PBXGroup;
			children = (
				7E297DD71B878151004E0873 /* Default-568h@2x.png */,
				7E297DD81B878151004E0873 /* Default-iOS8-667h@2x.png */,
				7E297DD91B878151004E0873 /* Default-iOS8-736h@3x.png */,
				7E297DDA1B878151004E0873 /* Default.png */,
				7E297DDB1B878151004E0873 /* Default@2x.png */,
			);
			path = image;
			sourceTree = "<group>";
		};
		7E800BCD1B78F7DC002BCBD1 = {
			isa = PBXGroup;
			children = (
				7E297DD61B878151004E0873 /* image */,
				7E800BD81B78F7DD002BCBD1 /* HostWeb */,
				7E800BF51B78F7DE002BCBD1 /* HostWebTests */,
				7E800BD71B78F7DD002BCBD1 /* Products */,
			);
			sourceTree = "<group>";
		};
		7E800BD71B78F7DD002BCBD1 /* Products */ = {
			isa = PBXGroup;
			children = (
				7E800BD61B78F7DD002BCBD1 /* gzyet.app */,
				7E800BF21B78F7DE002BCBD1 /* HostWebTests.xctest */,
			);
			name = Products;
			sourceTree = "<group>";
		};
		7E800BD81B78F7DD002BCBD1 /* HostWeb */ = {
			isa = PBXGroup;
			children = (
				7E297E0D1B89AEE7004E0873 /* IntroView.h */,
				7E297E0E1B89AEE7004E0873 /* IntroView.m */,
				7E800C0E1B7901FB002BCBD1 /* Constant.h */,
				7E800C0B1B7901A2002BCBD1 /* MMPageControl.h */,
				7E800C0C1B7901A2002BCBD1 /* MMPageControl.m */,
				7E800C051B78FA87002BCBD1 /* SUIActivityIndicatorView.h */,
				7E800C061B78FA87002BCBD1 /* SUIActivityIndicatorView.m */,
				7E800BDD1B78F7DD002BCBD1 /* AppDelegate.h */,
				7E800BDE1B78F7DD002BCBD1 /* AppDelegate.m */,
				7E800BE31B78F7DE002BCBD1 /* MainViewController.h */,
				7E800BE41B78F7DE002BCBD1 /* MainViewController.m */,
				7E800BE61B78F7DE002BCBD1 /* Main.storyboard */,
				7E800BE91B78F7DE002BCBD1 /* Images.xcassets */,
				7E800BE01B78F7DE002BCBD1 /* HostWeb.xcdatamodeld */,
				7E800BD91B78F7DD002BCBD1 /* Supporting Files */,
			);
			path = HostWeb;
			sourceTree = "<group>";
		};
		7E800BD91B78F7DD002BCBD1 /* Supporting Files */ = {
			isa = PBXGroup;
			children = (
				7E800BDA1B78F7DD002BCBD1 /* Info.plist */,
				7E297E171B8A159E004E0873 /* InfoPlist.strings */,
				7E800BDB1B78F7DD002BCBD1 /* main.m */,
			);
			name = "Supporting Files";
			sourceTree = "<group>";
		};
		7E800BF51B78F7DE002BCBD1 /* HostWebTests */ = {
			isa = PBXGroup;
			children = (
				7E800BF81B78F7DF002BCBD1 /* HostWebTests.m */,
				7E800BF61B78F7DE002BCBD1 /* Supporting Files */,
			);
			path = HostWebTests;
			sourceTree = "<group>";
		};
		7E800BF61B78F7DE002BCBD1 /* Supporting Files */ = {
			isa = PBXGroup;
			children = (
				7E800BF71B78F7DE002BCBD1 /* Info.plist */,
			);
			name = "Supporting Files";
			sourceTree = "<group>";
		};
/* End PBXGroup section */

/* Begin PBXNativeTarget section */
		7E800BD51B78F7DD002BCBD1 /* HostWeb */ = {
			isa = PBXNativeTarget;
			buildConfigurationList = 7E800BFC1B78F7DF002BCBD1 /* Build configuration list for PBXNativeTarget "HostWeb" */;
			buildPhases = (
				7E800BD21B78F7DD002BCBD1 /* Sources */,
				7E800BD31B78F7DD002BCBD1 /* Frameworks */,
				7E800BD41B78F7DD002BCBD1 /* Resources */,
			);
			buildRules = (
			);
			dependencies = (
			);
			name = HostWeb;
			productName = HostWeb;
			productReference = 7E800BD61B78F7DD002BCBD1 /* gzyet.app */;
			productType = "com.apple.product-type.application";
		};
		7E800BF11B78F7DE002BCBD1 /* HostWebTests */ = {
			isa = PBXNativeTarget;
			buildConfigurationList = 7E800BFF1B78F7DF002BCBD1 /* Build configuration list for PBXNativeTarget "HostWebTests" */;
			buildPhases = (
				7E800BEE1B78F7DE002BCBD1 /* Sources */,
				7E800BEF1B78F7DE002BCBD1 /* Frameworks */,
				7E800BF01B78F7DE002BCBD1 /* Resources */,
			);
			buildRules = (
			);
			dependencies = (
				7E800BF41B78F7DE002BCBD1 /* PBXTargetDependency */,
			);
			name = HostWebTests;
			productName = HostWebTests;
			productReference = 7E800BF21B78F7DE002BCBD1 /* HostWebTests.xctest */;
			productType = "com.apple.product-type.bundle.unit-test";
		};
/* End PBXNativeTarget section */

/* Begin PBXProject section */
		7E800BCE1B78F7DC002BCBD1 /* Project object */ = {
			isa = PBXProject;
			attributes = {
				LastUpgradeCheck = 0640;
				ORGANIZATIONNAME = ZeroYang;
				TargetAttributes = {
					7E800BD51B78F7DD002BCBD1 = {
						CreatedOnToolsVersion = 6.4;
					};
					7E800BF11B78F7DE002BCBD1 = {
						CreatedOnToolsVersion = 6.4;
						TestTargetID = 7E800BD51B78F7DD002BCBD1;
					};
				};
			};
			buildConfigurationList = 7E800BD11B78F7DC002BCBD1 /* Build configuration list for PBXProject "HostWeb" */;
			compatibilityVersion = "Xcode 3.2";
			developmentRegion = English;
			hasScannedForEncodings = 0;
			knownRegions = (
				en,
				Base,
				"zh-Hans",
			);
			mainGroup = 7E800BCD1B78F7DC002BCBD1;
			productRefGroup = 7E800BD71B78F7DD002BCBD1 /* Products */;
			projectDirPath = "";
			projectRoot = "";
			targets = (
				7E800BD51B78F7DD002BCBD1 /* HostWeb */,
				7E800BF11B78F7DE002BCBD1 /* HostWebTests */,
			);
		};
/* End PBXProject section */

/* Begin PBXResourcesBuildPhase section */
		7E800BD41B78F7DD002BCBD1 /* Resources */ = {
			isa = PBXResourcesBuildPhase;
			buildActionMask = 2147483647;
			files = (
				7E297DE01B878151004E0873 /* Default@2x.png in Resources */,
				7E297DDC1B878151004E0873 /* Default-568h@2x.png in Resources */,
				7E14EC441B8B6F5100E6B5B9 /* Main.storyboard in Resources */,
				7E800BEA1B78F7DE002BCBD1 /* Images.xcassets in Resources */,
				7E297DDF1B878151004E0873 /* Default.png in Resources */,
				7E297DDE1B878151004E0873 /* Default-iOS8-736h@3x.png in Resources */,
				7E297E181B8A159E004E0873 /* InfoPlist.strings in Resources */,
				7E297DDD1B878151004E0873 /* Default-iOS8-667h@2x.png in Resources */,
			);
			runOnlyForDeploymentPostprocessing = 0;
		};
		7E800BF01B78F7DE002BCBD1 /* Resources */ = {
			isa = PBXResourcesBuildPhase;
			buildActionMask = 2147483647;
			files = (
			);
			runOnlyForDeploymentPostprocessing = 0;
		};
/* End PBXResourcesBuildPhase section */

/* Begin PBXSourcesBuildPhase section */
		7E800BD21B78F7DD002BCBD1 /* Sources */ = {
			isa = PBXSourcesBuildPhase;
			buildActionMask = 2147483647;
			files = (
				7E800BDF1B78F7DD002BCBD1 /* AppDelegate.m in Sources */,
				7E800C0D1B7901A2002BCBD1 /* MMPageControl.m in Sources */,
				7E800BDC1B78F7DD002BCBD1 /* main.m in Sources */,
				7E800BE51B78F7DE002BCBD1 /* MainViewController.m in Sources */,
				7E800BE21B78F7DE002BCBD1 /* HostWeb.xcdatamodeld in Sources */,
				7E297E0F1B89AEE7004E0873 /* IntroView.m in Sources */,
				7E800C071B78FA87002BCBD1 /* SUIActivityIndicatorView.m in Sources */,
			);
			runOnlyForDeploymentPostprocessing = 0;
		};
		7E800BEE1B78F7DE002BCBD1 /* Sources */ = {
			isa = PBXSourcesBuildPhase;
			buildActionMask = 2147483647;
			files = (
				7E800BF91B78F7DF002BCBD1 /* HostWebTests.m in Sources */,
			);
			runOnlyForDeploymentPostprocessing = 0;
		};
/* End PBXSourcesBuildPhase section */

/* Begin PBXTargetDependency section */
		7E800BF41B78F7DE002BCBD1 /* PBXTargetDependency */ = {
			isa = PBXTargetDependency;
			target = 7E800BD51B78F7DD002BCBD1 /* HostWeb */;
			targetProxy = 7E800BF31B78F7DE002BCBD1 /* PBXContainerItemProxy */;
		};
/* End PBXTargetDependency section */

/* Begin PBXVariantGroup section */
		7E800BE61B78F7DE002BCBD1 /* Main.storyboard */ = {
			isa = PBXVariantGroup;
			children = (
				7E800BE71B78F7DE002BCBD1 /* Base */,
				7E14EC471B8B6FDE00E6B5B9 /* en */,
				7E14EC491B8B6FE600E6B5B9 /* zh-Hans */,
			);
			name = Main.storyboard;
			sourceTree = "<group>";
		};
/* End PBXVariantGroup section */

/* Begin XCBuildConfiguration section */
		7E800BFA1B78F7DF002BCBD1 /* Debug */ = {
			isa = XCBuildConfiguration;
			buildSettings = {
				ALWAYS_SEARCH_USER_PATHS = NO;
				CLANG_CXX_LANGUAGE_STANDARD = "gnu++0x";
				CLANG_CXX_LIBRARY = "libc++";
				CLANG_ENABLE_MODULES = YES;
				CLANG_ENABLE_OBJC_ARC = YES;
				CLANG_WARN_BOOL_CONVERSION = YES;
				CLANG_WARN_CONSTANT_CONVERSION = YES;
				CLANG_WARN_DIRECT_OBJC_ISA_USAGE = YES_ERROR;
				CLANG_WARN_EMPTY_BODY = YES;
				CLANG_WARN_ENUM_CONVERSION = YES;
				CLANG_WARN_INT_CONVERSION = YES;
				CLANG_WARN_OBJC_ROOT_CLASS = YES_ERROR;
				CLANG_WARN_UNREACHABLE_CODE = YES;
				CLANG_WARN__DUPLICATE_METHOD_MATCH = YES;
				"CODE_SIGN_IDENTITY[sdk=iphoneos*]" = "iPhone Developer";
				COPY_PHASE_STRIP = NO;
				DEBUG_INFORMATION_FORMAT = "dwarf-with-dsym";
				ENABLE_STRICT_OBJC_MSGSEND = YES;
				GCC_C_LANGUAGE_STANDARD = gnu99;
				GCC_DYNAMIC_NO_PIC = NO;
				GCC_NO_COMMON_BLOCKS = YES;
				GCC_OPTIMIZATION_LEVEL = 0;
				GCC_PREPROCESSOR_DEFINITIONS = (
					"DEBUG=1",
					"$(inherited)",
				);
				GCC_SYMBOLS_PRIVATE_EXTERN = NO;
				GCC_WARN_64_TO_32_BIT_CONVERSION = YES;
				GCC_WARN_ABOUT_RETURN_TYPE = YES_ERROR;
				GCC_WARN_UNDECLARED_SELECTOR = YES;
				GCC_WARN_UNINITIALIZED_AUTOS = YES_AGGRESSIVE;
				GCC_WARN_UNUSED_FUNCTION = YES;
				GCC_WARN_UNUSED_VARIABLE = YES;
				IPHONEOS_DEPLOYMENT_TARGET = 8.4;
				MTL_ENABLE_DEBUG_INFO = YES;
				ONLY_ACTIVE_ARCH = YES;
				SDKROOT = iphoneos;
				TARGETED_DEVICE_FAMILY = "1,2";
			};
			name = Debug;
		};
		7E800BFB1B78F7DF002BCBD1 /* Release */ = {
			isa = XCBuildConfiguration;
			buildSettings = {
				ALWAYS_SEARCH_USER_PATHS = NO;
				CLANG_CXX_LANGUAGE_STANDARD = "gnu++0x";
				CLANG_CXX_LIBRARY = "libc++";
				CLANG_ENABLE_MODULES = YES;
				CLANG_ENABLE_OBJC_ARC = YES;
				CLANG_WARN_BOOL_CONVERSION = YES;
				CLANG_WARN_CONSTANT_CONVERSION = YES;
				CLANG_WARN_DIRECT_OBJC_ISA_USAGE = YES_ERROR;
				CLANG_WARN_EMPTY_BODY = YES;
				CLANG_WARN_ENUM_CONVERSION = YES;
				CLANG_WARN_INT_CONVERSION = YES;
				CLANG_WARN_OBJC_ROOT_CLASS = YES_ERROR;
				CLANG_WARN_UNREACHABLE_CODE = YES;
				CLANG_WARN__DUPLICATE_METHOD_MATCH = YES;
				"CODE_SIGN_IDENTITY[sdk=iphoneos*]" = "iPhone Developer";
				COPY_PHASE_STRIP = NO;
				DEBUG_INFORMATION_FORMAT = "dwarf-with-dsym";
				ENABLE_NS_ASSERTIONS = NO;
				ENABLE_STRICT_OBJC_MSGSEND = YES;
				GCC_C_LANGUAGE_STANDARD = gnu99;
				GCC_NO_COMMON_BLOCKS = YES;
				GCC_WARN_64_TO_32_BIT_CONVERSION = YES;
				GCC_WARN_ABOUT_RETURN_TYPE = YES_ERROR;
				GCC_WARN_UNDECLARED_SELECTOR = YES;
				GCC_WARN_UNINITIALIZED_AUTOS = YES_AGGRESSIVE;
				GCC_WARN_UNUSED_FUNCTION = YES;
				GCC_WARN_UNUSED_VARIABLE = YES;
				IPHONEOS_DEPLOYMENT_TARGET = 8.4;
				MTL_ENABLE_DEBUG_INFO = NO;
				SDKROOT = iphoneos;
				TARGETED_DEVICE_FAMILY = "1,2";
				VALIDATE_PRODUCT = YES;
			};
			name = Release;
		};
		7E800BFD1B78F7DF002BCBD1 /* Debug */ = {
			isa = XCBuildConfiguration;
			buildSettings = {
				ASSETCATALOG_COMPILER_APPICON_NAME = AppIcon;
				CODE_SIGN_IDENTITY = "iPhone Developer: Caide Huang (T7HVFB5N98)";
				INFOPLIST_FILE = HostWeb/Info.plist;
				IPHONEOS_DEPLOYMENT_TARGET = 7.1;
				LD_RUNPATH_SEARCH_PATHS = "$(inherited) @executable_path/Frameworks";
				PRODUCT_NAME = gzyet;
				PROVISIONING_PROFILE = "70df7396-5c5e-450e-b781-528b661a6d01";
				TARGETED_DEVICE_FAMILY = 1;
			};
			name = Debug;
		};
		7E800BFE1B78F7DF002BCBD1 /* Release */ = {
			isa = XCBuildConfiguration;
			buildSettings = {
				ASSETCATALOG_COMPILER_APPICON_NAME = AppIcon;
				CODE_SIGN_IDENTITY = "iPhone Developer: Caide Huang (T7HVFB5N98)";
				INFOPLIST_FILE = HostWeb/Info.plist;
				IPHONEOS_DEPLOYMENT_TARGET = 7.1;
				LD_RUNPATH_SEARCH_PATHS = "$(inherited) @executable_path/Frameworks";
				PRODUCT_NAME = gzyet;
				PROVISIONING_PROFILE = "70df7396-5c5e-450e-b781-528b661a6d01";
				TARGETED_DEVICE_FAMILY = 1;
			};
			name = Release;
		};
		7E800C001B78F7DF002BCBD1 /* Debug */ = {
			isa = XCBuildConfiguration;
			buildSettings = {
				BUNDLE_LOADER = "$(TEST_HOST)";
				FRAMEWORK_SEARCH_PATHS = (
					"$(SDKROOT)/Developer/Library/Frameworks",
					"$(inherited)",
				);
				GCC_PREPROCESSOR_DEFINITIONS = (
					"DEBUG=1",
					"$(inherited)",
				);
				INFOPLIST_FILE = HostWebTests/Info.plist;
				LD_RUNPATH_SEARCH_PATHS = "$(inherited) @executable_path/Frameworks @loader_path/Frameworks";
				PRODUCT_NAME = "$(TARGET_NAME)";
				TEST_HOST = "$(BUILT_PRODUCTS_DIR)/HostWeb.app/HostWeb";
			};
			name = Debug;
		};
		7E800C011B78F7DF002BCBD1 /* Release */ = {
			isa = XCBuildConfiguration;
			buildSettings = {
				BUNDLE_LOADER = "$(TEST_HOST)";
				FRAMEWORK_SEARCH_PATHS = (
					"$(SDKROOT)/Developer/Library/Frameworks",
					"$(inherited)",
				);
				INFOPLIST_FILE = HostWebTests/Info.plist;
				LD_RUNPATH_SEARCH_PATHS = "$(inherited) @executable_path/Frameworks @loader_path/Frameworks";
				PRODUCT_NAME = "$(TARGET_NAME)";
				TEST_HOST = "$(BUILT_PRODUCTS_DIR)/HostWeb.app/HostWeb";
			};
			name = Release;
		};
/* End XCBuildConfiguration section */

/* Begin XCConfigurationList section */
		7E800BD11B78F7DC002BCBD1 /* Build configuration list for PBXProject "HostWeb" */ = {
			isa = XCConfigurationList;
			buildConfigurations = (
				7E800BFA1B78F7DF002BCBD1 /* Debug */,
				7E800BFB1B78F7DF002BCBD1 /* Release */,
			);
			defaultConfigurationIsVisible = 0;
			defaultConfigurationName = Release;
		};
		7E800BFC1B78F7DF002BCBD1 /* Build configuration list for PBXNativeTarget "HostWeb" */ = {
			isa = XCConfigurationList;
			buildConfigurations = (
				7E800BFD1B78F7DF002BCBD1 /* Debug */,
				7E800BFE1B78F7DF002BCBD1 /* Release */,
			);
			defaultConfigurationIsVisible = 0;
			defaultConfigurationName = Release;
		};
		7E800BFF1B78F7DF002BCBD1 /* Build configuration list for PBXNativeTarget "HostWebTests" */ = {
			isa = XCConfigurationList;
			buildConfigurations = (
				7E800C001B78F7DF002BCBD1 /* Debug */,
				7E800C011B78F7DF002BCBD1 /* Release */,
			);
			defaultConfigurationIsVisible = 0;
			defaultConfigurationName = Release;
		};
/* End XCConfigurationList section */

/* Begin XCVersionGroup section */
		7E800BE01B78F7DE002BCBD1 /* HostWeb.xcdatamodeld */ = {
			isa = XCVersionGroup;
			children = (
				7E800BE11B78F7DE002BCBD1 /* HostWeb.xcdatamodel */,
			);
			currentVersion = 7E800BE11B78F7DE002BCBD1 /* HostWeb.xcdatamodel */;
			path = HostWeb.xcdatamodeld;
			sourceTree = "<group>";
			versionGroupType = wrapper.xcdatamodel;
		};
/* End XCVersionGroup section */
	};
	rootObject = 7E800BCE1B78F7DC002BCBD1 /* Project object */;
}
